
Microsoft Visual Studio Solution File, Format Version 12.00
# Visual Studio Version 16
VisualStudioVersion = 16.0.29509.3
MinimumVisualStudioVersion = 10.0.40219.1
Project("{2150E333-8FDC-42A3-9474-1A3956D46DE8}") = "1 - API", "1 - API", "{1538BE15-6016-43D1-9A9D-028241AA409F}"
EndProject
Project("{2150E333-8FDC-42A3-9474-1A3956D46DE8}") = "3 - Domain", "3 - Domain", "{E05725B2-DFF1-45C7-95DB-A07B522D32E5}"
EndProject
Project("{2150E333-8FDC-42A3-9474-1A3956D46DE8}") = "4 - Infra", "4 - Infra", "{C9327B8C-6A24-4B10-BFA9-5585980EAA82}"
EndProject
Project("{2150E333-8FDC-42A3-9474-1A3956D46DE8}") = "4.1 - Data", "4.1 - Data", "{6B99BF24-BAFE-4970-A4AE-4ED98AD91BE6}"
EndProject
Project("{2150E333-8FDC-42A3-9474-1A3956D46DE8}") = "4.2 - CrossCutting", "4.2 - CrossCutting", "{37435D34-76D1-4E20-8F50-5C485512F49E}"
EndProject
Project("{9A19103F-16F7-4668-BE54-9A1E7A4F7556}") = "CourseSignUp.Statistic.Domain", "Statistic.Domain\CourseSignUp.Statistic.Domain.csproj", "{BB725CB8-5390-4697-A560-EFD16EEDE1C2}"
EndProject
Project("{9A19103F-16F7-4668-BE54-9A1E7A4F7556}") = "CourseSignUp.CrossCutting.IOC", "CourseSignUp.CrossCutting.IOC\CourseSignUp.CrossCutting.IOC.csproj", "{734920F7-42B2-4FCD-BF72-501B05A28F66}"
EndProject
Project("{9A19103F-16F7-4668-BE54-9A1E7A4F7556}") = "CourseSignUp.CrossCutting.Bus", "CourseSignUp.CrossCutting.Bus\CourseSignUp.CrossCutting.Bus.csproj", "{8C5E49A3-AB82-4A64-B9D5-046EC656FFD4}"
EndProject
Project("{9A19103F-16F7-4668-BE54-9A1E7A4F7556}") = "CourseSignUp.CrossCutting.Identity", "CourseSignUp.CrossCutting.Identity\CourseSignUp.CrossCutting.Identity.csproj", "{9DD4B508-7423-4ECB-ADF1-C666EC707DAC}"
EndProject
Project("{9A19103F-16F7-4668-BE54-9A1E7A4F7556}") = "CourseSignUp.Infra.Course.Data", "CourseSignUp.Infra.Data\CourseSignUp.Infra.Course.Data.csproj", "{E4537F65-FCF8-46F9-94C1-197609776020}"
EndProject
Project("{9A19103F-16F7-4668-BE54-9A1E7A4F7556}") = "CourseSignUp.Domain.Course.Contracts", "CourseSignUp.Domain.Contracts\CourseSignUp.Domain.Course.Contracts.csproj", "{6E345EB4-6147-423F-A7E8-F6F25D58BDD7}"
EndProject
Project("{2150E333-8FDC-42A3-9474-1A3956D46DE8}") = "3-1 Contracts", "3-1 Contracts", "{0E54C70F-EEA1-46F3-9C70-C0723CD9257F}"
EndProject
Project("{2150E333-8FDC-42A3-9474-1A3956D46DE8}") = "3-2 Domains", "3-2 Domains", "{4259D66D-2D75-431A-8CBE-7D318361CB8D}"
EndProject
Project("{2150E333-8FDC-42A3-9474-1A3956D46DE8}") = "2 - Services", "2 - Services", "{7443D270-7394-4D1E-9494-639F362FDFDD}"
EndProject
Project("{9A19103F-16F7-4668-BE54-9A1E7A4F7556}") = "CourseSignUp.Course.Service", "CourseSignup.Course.Service\CourseSignUp.Course.Service.csproj", "{67C67951-B7AA-4DC2-B6CB-F25F9F6DA1E4}"
EndProject
Project("{FAE04EC0-301F-11D3-BF4B-00C04F79EFBC}") = "CourseSignup.Course.Domain", "CourseSignup.Course.Domain\CourseSignup.Course.Domain.csproj", "{29605743-2396-4B61-9A28-798E57561F2B}"
EndProject
Project("{FAE04EC0-301F-11D3-BF4B-00C04F79EFBC}") = "CourseSignup.Course.API", "CourseSignup.Course.API\CourseSignup.Course.API.csproj", "{8292E37E-B434-4511-A8EF-192638E86238}"
EndProject
Global
	GlobalSection(SolutionConfigurationPlatforms) = preSolution
		Debug|Any CPU = Debug|Any CPU
		Release|Any CPU = Release|Any CPU
	EndGlobalSection
	GlobalSection(ProjectConfigurationPlatforms) = postSolution
		{BB725CB8-5390-4697-A560-EFD16EEDE1C2}.Debug|Any CPU.ActiveCfg = Debug|Any CPU
		{BB725CB8-5390-4697-A560-EFD16EEDE1C2}.Debug|Any CPU.Build.0 = Debug|Any CPU
		{BB725CB8-5390-4697-A560-EFD16EEDE1C2}.Release|Any CPU.ActiveCfg = Release|Any CPU
		{BB725CB8-5390-4697-A560-EFD16EEDE1C2}.Release|Any CPU.Build.0 = Release|Any CPU
		{734920F7-42B2-4FCD-BF72-501B05A28F66}.Debug|Any CPU.ActiveCfg = Debug|Any CPU
		{734920F7-42B2-4FCD-BF72-501B05A28F66}.Debug|Any CPU.Build.0 = Debug|Any CPU
		{734920F7-42B2-4FCD-BF72-501B05A28F66}.Release|Any CPU.ActiveCfg = Release|Any CPU
		{734920F7-42B2-4FCD-BF72-501B05A28F66}.Release|Any CPU.Build.0 = Release|Any CPU
		{8C5E49A3-AB82-4A64-B9D5-046EC656FFD4}.Debug|Any CPU.ActiveCfg = Debug|Any CPU
		{8C5E49A3-AB82-4A64-B9D5-046EC656FFD4}.Debug|Any CPU.Build.0 = Debug|Any CPU
		{8C5E49A3-AB82-4A64-B9D5-046EC656FFD4}.Release|Any CPU.ActiveCfg = Release|Any CPU
		{8C5E49A3-AB82-4A64-B9D5-046EC656FFD4}.Release|Any CPU.Build.0 = Release|Any CPU
		{9DD4B508-7423-4ECB-ADF1-C666EC707DAC}.Debug|Any CPU.ActiveCfg = Debug|Any CPU
		{9DD4B508-7423-4ECB-ADF1-C666EC707DAC}.Debug|Any CPU.Build.0 = Debug|Any CPU
		{9DD4B508-7423-4ECB-ADF1-C666EC707DAC}.Release|Any CPU.ActiveCfg = Release|Any CPU
		{9DD4B508-7423-4ECB-ADF1-C666EC707DAC}.Release|Any CPU.Build.0 = Release|Any CPU
		{E4537F65-FCF8-46F9-94C1-197609776020}.Debug|Any CPU.ActiveCfg = Debug|Any CPU
		{E4537F65-FCF8-46F9-94C1-197609776020}.Debug|Any CPU.Build.0 = Debug|Any CPU
		{E4537F65-FCF8-46F9-94C1-197609776020}.Release|Any CPU.ActiveCfg = Release|Any CPU
		{E4537F65-FCF8-46F9-94C1-197609776020}.Release|Any CPU.Build.0 = Release|Any CPU
		{6E345EB4-6147-423F-A7E8-F6F25D58BDD7}.Debug|Any CPU.ActiveCfg = Debug|Any CPU
		{6E345EB4-6147-423F-A7E8-F6F25D58BDD7}.Debug|Any CPU.Build.0 = Debug|Any CPU
		{6E345EB4-6147-423F-A7E8-F6F25D58BDD7}.Release|Any CPU.ActiveCfg = Release|Any CPU
		{6E345EB4-6147-423F-A7E8-F6F25D58BDD7}.Release|Any CPU.Build.0 = Release|Any CPU
		{67C67951-B7AA-4DC2-B6CB-F25F9F6DA1E4}.Debug|Any CPU.ActiveCfg = Debug|Any CPU
		{67C67951-B7AA-4DC2-B6CB-F25F9F6DA1E4}.Debug|Any CPU.Build.0 = Debug|Any CPU
		{67C67951-B7AA-4DC2-B6CB-F25F9F6DA1E4}.Release|Any CPU.ActiveCfg = Release|Any CPU
		{67C67951-B7AA-4DC2-B6CB-F25F9F6DA1E4}.Release|Any CPU.Build.0 = Release|Any CPU
		{29605743-2396-4B61-9A28-798E57561F2B}.Debug|Any CPU.ActiveCfg = Debug|Any CPU
		{29605743-2396-4B61-9A28-798E57561F2B}.Debug|Any CPU.Build.0 = Debug|Any CPU
		{29605743-2396-4B61-9A28-798E57561F2B}.Release|Any CPU.ActiveCfg = Release|Any CPU
		{29605743-2396-4B61-9A28-798E57561F2B}.Release|Any CPU.Build.0 = Release|Any CPU
		{8292E37E-B434-4511-A8EF-192638E86238}.Debug|Any CPU.ActiveCfg = Debug|Any CPU
		{8292E37E-B434-4511-A8EF-192638E86238}.Debug|Any CPU.Build.0 = Debug|Any CPU
		{8292E37E-B434-4511-A8EF-192638E86238}.Release|Any CPU.ActiveCfg = Release|Any CPU
		{8292E37E-B434-4511-A8EF-192638E86238}.Release|Any CPU.Build.0 = Release|Any CPU
	EndGlobalSection
	GlobalSection(SolutionProperties) = preSolution
		HideSolutionNode = FALSE
	EndGlobalSection
	GlobalSection(NestedProjects) = preSolution
		{6B99BF24-BAFE-4970-A4AE-4ED98AD91BE6} = {C9327B8C-6A24-4B10-BFA9-5585980EAA82}
		{37435D34-76D1-4E20-8F50-5C485512F49E} = {C9327B8C-6A24-4B10-BFA9-5585980EAA82}
		{BB725CB8-5390-4697-A560-EFD16EEDE1C2} = {4259D66D-2D75-431A-8CBE-7D318361CB8D}
		{734920F7-42B2-4FCD-BF72-501B05A28F66} = {37435D34-76D1-4E20-8F50-5C485512F49E}
		{8C5E49A3-AB82-4A64-B9D5-046EC656FFD4} = {37435D34-76D1-4E20-8F50-5C485512F49E}
		{9DD4B508-7423-4ECB-ADF1-C666EC707DAC} = {37435D34-76D1-4E20-8F50-5C485512F49E}
		{E4537F65-FCF8-46F9-94C1-197609776020} = {6B99BF24-BAFE-4970-A4AE-4ED98AD91BE6}
		{6E345EB4-6147-423F-A7E8-F6F25D58BDD7} = {0E54C70F-EEA1-46F3-9C70-C0723CD9257F}
		{0E54C70F-EEA1-46F3-9C70-C0723CD9257F} = {E05725B2-DFF1-45C7-95DB-A07B522D32E5}
		{4259D66D-2D75-431A-8CBE-7D318361CB8D} = {E05725B2-DFF1-45C7-95DB-A07B522D32E5}
		{67C67951-B7AA-4DC2-B6CB-F25F9F6DA1E4} = {7443D270-7394-4D1E-9494-639F362FDFDD}
		{29605743-2396-4B61-9A28-798E57561F2B} = {4259D66D-2D75-431A-8CBE-7D318361CB8D}
		{8292E37E-B434-4511-A8EF-192638E86238} = {1538BE15-6016-43D1-9A9D-028241AA409F}
	EndGlobalSection
	GlobalSection(ExtensibilityGlobals) = postSolution
		SolutionGuid = {CB27A711-EDCA-4E26-8046-D54C7F216FE0}
	EndGlobalSection
EndGlobal
